
Microsoft Visual Studio Solution File, Format Version 12.00
# Visual Studio 15
VisualStudioVersion = 15.0.28307.1300
MinimumVisualStudioVersion = 10.0.40219.1
Project("{FAE04EC0-301F-11D3-BF4B-00C04F79EFBC}") = "TeemEditImage", "TeemEditImage\TeemEditImage.csproj", "{CE5F43AA-DD65-48CE-95C5-C6620DAD0548}"
EndProject
Project("{FAE04EC0-301F-11D3-BF4B-00C04F79EFBC}") = "UnitTestTeemEdit", "UnitTestTeemEdit\UnitTestTeemEdit.csproj", "{33DA79AE-AA38-4425-82C4-5C05BD0D6B7F}"
EndProject
Global
	GlobalSection(SolutionConfigurationPlatforms) = preSolution
		Debug|Any CPU = Debug|Any CPU
		Release|Any CPU = Release|Any CPU
	EndGlobalSection
	GlobalSection(ProjectConfigurationPlatforms) = postSolution
		{CE5F43AA-DD65-48CE-95C5-C6620DAD0548}.Debug|Any CPU.ActiveCfg = Debug|Any CPU
		{CE5F43AA-DD65-48CE-95C5-C6620DAD0548}.Debug|Any CPU.Build.0 = Debug|Any CPU
		{CE5F43AA-DD65-48CE-95C5-C6620DAD0548}.Release|Any CPU.ActiveCfg = Release|Any CPU
		{CE5F43AA-DD65-48CE-95C5-C6620DAD0548}.Release|Any CPU.Build.0 = Release|Any CPU
		{33DA79AE-AA38-4425-82C4-5C05BD0D6B7F}.Debug|Any CPU.ActiveCfg = Debug|Any CPU
		{33DA79AE-AA38-4425-82C4-5C05BD0D6B7F}.Debug|Any CPU.Build.0 = Debug|Any CPU
		{33DA79AE-AA38-4425-82C4-5C05BD0D6B7F}.Release|Any CPU.ActiveCfg = Release|Any CPU
		{33DA79AE-AA38-4425-82C4-5C05BD0D6B7F}.Release|Any CPU.Build.0 = Release|Any CPU
	EndGlobalSection
	GlobalSection(SolutionProperties) = preSolution
		HideSolutionNode = FALSE
	EndGlobalSection
	GlobalSection(ExtensibilityGlobals) = postSolution
		SolutionGuid = {8886F297-6574-4149-9CFC-24E35B755A30}
	EndGlobalSection
EndGlobal
